
Microsoft Visual Studio Solution File, Format Version 12.00
# Visual Studio Version 17
VisualStudioVersion = 17.11.35327.3
MinimumVisualStudioVersion = 10.0.40219.1
Project("{FAE04EC0-301F-11D3-BF4B-00C04F79EFBC}") = "YtEzDL", "YtEzDL\YtEzDL.csproj", "{ECE0834C-0865-4308-AECD-4DED1FB15162}"
EndProject
Project("{FAE04EC0-301F-11D3-BF4B-00C04F79EFBC}") = "AudioTools", "AudioTools\AudioTools.csproj", "{F7304A6B-E15D-4194-9C5E-779801FD620F}"
EndProject
Project("{FAE04EC0-301F-11D3-BF4B-00C04F79EFBC}") = "AudioConsoleTest", "AudioConsoleTest\AudioConsoleTest.csproj", "{63D00CBC-0B9D-4CC2-8804-C72CFB9D21B5}"
EndProject
Global
	GlobalSection(SolutionConfigurationPlatforms) = preSolution
		Debug|Any CPU = Debug|Any CPU
		Release|Any CPU = Release|Any CPU
		Release-external|Any CPU = Release-external|Any CPU
	EndGlobalSection
	GlobalSection(ProjectConfigurationPlatforms) = postSolution
		{ECE0834C-0865-4308-AECD-4DED1FB15162}.Debug|Any CPU.ActiveCfg = Debug|Any CPU
		{ECE0834C-0865-4308-AECD-4DED1FB15162}.Debug|Any CPU.Build.0 = Debug|Any CPU
		{ECE0834C-0865-4308-AECD-4DED1FB15162}.Release|Any CPU.ActiveCfg = Release|Any CPU
		{ECE0834C-0865-4308-AECD-4DED1FB15162}.Release|Any CPU.Build.0 = Release|Any CPU
		{ECE0834C-0865-4308-AECD-4DED1FB15162}.Release-external|Any CPU.ActiveCfg = Release-external|Any CPU
		{ECE0834C-0865-4308-AECD-4DED1FB15162}.Release-external|Any CPU.Build.0 = Release-external|Any CPU
		{F7304A6B-E15D-4194-9C5E-779801FD620F}.Debug|Any CPU.ActiveCfg = Debug|Any CPU
		{F7304A6B-E15D-4194-9C5E-779801FD620F}.Debug|Any CPU.Build.0 = Debug|Any CPU
		{F7304A6B-E15D-4194-9C5E-779801FD620F}.Release|Any CPU.ActiveCfg = Release|Any CPU
		{F7304A6B-E15D-4194-9C5E-779801FD620F}.Release|Any CPU.Build.0 = Release|Any CPU
		{F7304A6B-E15D-4194-9C5E-779801FD620F}.Release-external|Any CPU.ActiveCfg = Release|Any CPU
		{F7304A6B-E15D-4194-9C5E-779801FD620F}.Release-external|Any CPU.Build.0 = Release|Any CPU
		{63D00CBC-0B9D-4CC2-8804-C72CFB9D21B5}.Debug|Any CPU.ActiveCfg = Debug|Any CPU
		{63D00CBC-0B9D-4CC2-8804-C72CFB9D21B5}.Debug|Any CPU.Build.0 = Debug|Any CPU
		{63D00CBC-0B9D-4CC2-8804-C72CFB9D21B5}.Release|Any CPU.ActiveCfg = Release|Any CPU
		{63D00CBC-0B9D-4CC2-8804-C72CFB9D21B5}.Release|Any CPU.Build.0 = Release|Any CPU
		{63D00CBC-0B9D-4CC2-8804-C72CFB9D21B5}.Release-external|Any CPU.ActiveCfg = Release|Any CPU
		{63D00CBC-0B9D-4CC2-8804-C72CFB9D21B5}.Release-external|Any CPU.Build.0 = Release|Any CPU
	EndGlobalSection
	GlobalSection(SolutionProperties) = preSolution
		HideSolutionNode = FALSE
	EndGlobalSection
	GlobalSection(ExtensibilityGlobals) = postSolution
		SolutionGuid = {EB7BA9AE-A002-4399-98B0-6B45BB0E90F0}
	EndGlobalSection
EndGlobal
